{
  "name": "@qurugi0347/package-test",
  "version": "1.0.1",
  "lockfileVersion": 2,
  "requires": true,
  "packages": {
    "": {
      "name": "@qurugi0347/package-test",
      "version": "1.0.1",
      "license": "ISC",
      "dependencies": {
        "@qurugi0347/package-test": "^1.0.1"
      }
    },
    "node_modules/@qurugi0347/package-test": {
      "version": "1.0.1",
      "resolved": "https://npm.pkg.github.com/download/@qurugi0347/package-test/1.0.1/784a8a2bfcfc15e5d13a707fde97748de5d146aae3649296471424dcbe5e5ea1",
      "integrity": "sha512-x1Rg+bBDP56wOX6XuXVBq1wG6RQDtkFp9aQRrywr4LyRO9c+XtLtTUhxvEj/DO8j5PGsJVyKxKS1GKAIguHvsg==",
      "license": "ISC"
    }
  },
  "dependencies": {
    "@qurugi0347/package-test": {
      "version": "1.0.1",
      "resolved": "https://npm.pkg.github.com/download/@qurugi0347/package-test/1.0.1/784a8a2bfcfc15e5d13a707fde97748de5d146aae3649296471424dcbe5e5ea1",
      "integrity": "sha512-x1Rg+bBDP56wOX6XuXVBq1wG6RQDtkFp9aQRrywr4LyRO9c+XtLtTUhxvEj/DO8j5PGsJVyKxKS1GKAIguHvsg=="
    }
  }
}
